
Microsoft Visual Studio Solution File, Format Version 11.00
# Visual Studio 2010
Project("{FAE04EC0-301F-11D3-BF4B-00C04F79EFBC}") = "FarseerTest", "FarseerTest\FarseerTest.csproj", "{ADA6B27D-4A6C-4FB3-BC5C-9D87E8BAE529}"
EndProject
Global
	GlobalSection(SolutionConfigurationPlatforms) = preSolution
		Debug|iPhoneSimulator = Debug|iPhoneSimulator
		Release|iPhoneSimulator = Release|iPhoneSimulator
		Debug|iPhone = Debug|iPhone
		Release|iPhone = Release|iPhone
		Ad-Hoc|iPhone = Ad-Hoc|iPhone
		AppStore|iPhone = AppStore|iPhone
	EndGlobalSection
	GlobalSection(ProjectConfigurationPlatforms) = postSolution
		{ADA6B27D-4A6C-4FB3-BC5C-9D87E8BAE529}.Ad-Hoc|iPhone.ActiveCfg = Ad-Hoc|iPhone
		{ADA6B27D-4A6C-4FB3-BC5C-9D87E8BAE529}.Ad-Hoc|iPhone.Build.0 = Ad-Hoc|iPhone
		{ADA6B27D-4A6C-4FB3-BC5C-9D87E8BAE529}.AppStore|iPhone.ActiveCfg = AppStore|iPhone
		{ADA6B27D-4A6C-4FB3-BC5C-9D87E8BAE529}.AppStore|iPhone.Build.0 = AppStore|iPhone
		{ADA6B27D-4A6C-4FB3-BC5C-9D87E8BAE529}.Debug|iPhone.ActiveCfg = Debug|iPhone
		{ADA6B27D-4A6C-4FB3-BC5C-9D87E8BAE529}.Debug|iPhone.Build.0 = Debug|iPhone
		{ADA6B27D-4A6C-4FB3-BC5C-9D87E8BAE529}.Debug|iPhoneSimulator.ActiveCfg = Debug|iPhoneSimulator
		{ADA6B27D-4A6C-4FB3-BC5C-9D87E8BAE529}.Debug|iPhoneSimulator.Build.0 = Debug|iPhoneSimulator
		{ADA6B27D-4A6C-4FB3-BC5C-9D87E8BAE529}.Release|iPhone.ActiveCfg = Release|iPhone
		{ADA6B27D-4A6C-4FB3-BC5C-9D87E8BAE529}.Release|iPhone.Build.0 = Release|iPhone
		{ADA6B27D-4A6C-4FB3-BC5C-9D87E8BAE529}.Release|iPhoneSimulator.ActiveCfg = Release|iPhoneSimulator
		{ADA6B27D-4A6C-4FB3-BC5C-9D87E8BAE529}.Release|iPhoneSimulator.Build.0 = Release|iPhoneSimulator
	EndGlobalSection
	GlobalSection(MonoDevelopProperties) = preSolution
		StartupItem = FarseerTest\FarseerTest.csproj
	EndGlobalSection
EndGlobal
